<?xml version="1.0" encoding="utf-8"?>
<Project ToolsVersion="4.0" xmlns="http://schemas.microsoft.com/developer/msbuild/2003">
  <ItemGroup>
    <Filter Include="Source Files">
      <UniqueIdentifier>{4FC737F1-C7A5-4376-A066-2A32D752A2FF}</UniqueIdentifier>
      <Extensions>cpp;c;cc;cxx;def;odl;idl;hpj;bat;asm;asmx</Extensions>
    </Filter>
    <Filter Include="Header Files">
      <UniqueIdentifier>{93995380-89BD-4b04-88EB-625FBE52EBFB}</UniqueIdentifier>
      <Extensions>h;hpp;hxx;hm;inl;inc;xsd</Extensions>
    </Filter>
    <Filter Include="Resource Files">
      <UniqueIdentifier>{67DA6AB6-F800-4c08-8B7A-83BB121AAD01}</UniqueIdentifier>
      <Extensions>rc;ico;cur;bmp;dlg;rc2;rct;bin;rgs;gif;jpg;jpeg;jpe;resx;tiff;tif;png;wav;mfcribbon-ms</Extensions>
    </Filter>
  </ItemGroup>
  <ItemGroup>
    <None Include="ReadMe.txt" />
    <None Include="Power_DB.def">
      <Filter>Source Files</Filter>
    </None>
    <None Include="res\Power_DB.rc2">
      <Filter>Resource Files</Filter>
    </None>
    <None Include="DB_dll.sql" />
  </ItemGroup>
  <ItemGroup>
    <ClCompile Include="Power_DB.cpp">
      <Filter>Source Files</Filter>
    </ClCompile>
    <ClCompile Include="stdafx.cpp">
      <Filter>Source Files</Filter>
    </ClCompile>
    <ClCompile Include="AmetterRecordset.cpp">
      <Filter>Source Files</Filter>
    </ClCompile>
    <ClCompile Include="DataBaseInstance.cpp">
      <Filter>Source Files</Filter>
    </ClCompile>
    <ClCompile Include="DataBaseSet.cpp">
      <Filter>Source Files</Filter>
    </ClCompile>
    <ClCompile Include="DataInfoRecordSet.cpp">
      <Filter>Source Files</Filter>
    </ClCompile>
    <ClCompile Include="GarrisonRecordSet.cpp">
      <Filter>Source Files</Filter>
    </ClCompile>
    <ClCompile Include="PriceSet.cpp">
      <Filter>Source Files</Filter>
    </ClCompile>
    <ClCompile Include="TransformRecordset.cpp">
      <Filter>Source Files</Filter>
    </ClCompile>
    <ClCompile Include="UseInfoRecordSet.cpp">
      <Filter>Source Files</Filter>
    </ClCompile>
    <ClCompile Include="CHANGEAMMETERset.cpp">
      <Filter>Source Files</Filter>
    </ClCompile>
  </ItemGroup>
  <ItemGroup>
    <ClInclude Include="Power_DB.h">
      <Filter>Header Files</Filter>
    </ClInclude>
    <ClInclude Include="stdafx.h">
      <Filter>Header Files</Filter>
    </ClInclude>
    <ClInclude Include="targetver.h">
      <Filter>Header Files</Filter>
    </ClInclude>
    <ClInclude Include="Resource.h">
      <Filter>Header Files</Filter>
    </ClInclude>
    <ClInclude Include="AmetterRecordset.h">
      <Filter>Header Files</Filter>
    </ClInclude>
    <ClInclude Include="DataBaseInstance.h">
      <Filter>Header Files</Filter>
    </ClInclude>
    <ClInclude Include="DataBaseSet.h">
      <Filter>Header Files</Filter>
    </ClInclude>
    <ClInclude Include="DataInfoRecordSet.h">
      <Filter>Header Files</Filter>
    </ClInclude>
    <ClInclude Include="GarrisonRecordSet.h">
      <Filter>Header Files</Filter>
    </ClInclude>
    <ClInclude Include="Power_DBDefinition.h">
      <Filter>Header Files</Filter>
    </ClInclude>
    <ClInclude Include="PriceSet.h">
      <Filter>Header Files</Filter>
    </ClInclude>
    <ClInclude Include="TransformRecordset.h">
      <Filter>Header Files</Filter>
    </ClInclude>
    <ClInclude Include="UseInfoRecordSet.h">
      <Filter>Header Files</Filter>
    </ClInclude>
    <ClInclude Include="CHANGEAMMETERset.h">
      <Filter>Header Files</Filter>
    </ClInclude>
  </ItemGroup>
  <ItemGroup>
    <ResourceCompile Include="Power_DB.rc">
      <Filter>Resource Files</Filter>
    </ResourceCompile>
  </ItemGroup>
</Project>